{
  "originHash" : "79d146278fbf568bb397b765b34464083df993a598f055a9bd0b80405a94c0de",
  "pins" : [
    {
      "identity" : "alicia",
      "kind" : "remoteSourceControl",
      "location" : "https://github.com/starkwm/alicia",
      "state" : {
        "revision" : "afca73f31de96dcfe1e43f2d047ede59833a8c62",
        "version" : "3.0.0"
      }
    }
  ],
  "version" : 3
}
