// !$*UTF8*$!
{
	archiveVersion = 1;
	classes = {
	};
	objectVersion = 46;
	objects = {

/* Begin PBXBuildFile section */
		F6002D6F1C47086100C958F5 /* KeyCodeHelper.swift in Sources */ = {isa = PBXBuildFile; fileRef = F6002D6E1C47086100C958F5 /* KeyCodeHelper.swift */; };
		F60894E11C6D9E310079D7B5 /* Event.swift in Sources */ = {isa = PBXBuildFile; fileRef = F60894E01C6D9E310079D7B5 /* Event.swift */; };
		F60894E31C6DA0090079D7B5 /* EventHelper.swift in Sources */ = {isa = PBXBuildFile; fileRef = F60894E21C6DA0090079D7B5 /* EventHelper.swift */; };
		F6270F8E1CF9D10500E6F679 /* Timer.swift in Sources */ = {isa = PBXBuildFile; fileRef = F6270F8D1CF9D10500E6F679 /* Timer.swift */; };
		F644DFF61FB5110B00944C6B /* Space.swift in Sources */ = {isa = PBXBuildFile; fileRef = F644DFF51FB5110B00944C6B /* Space.swift */; };
		F64945862357B6B8009E423B /* StarkStatusItem.swift in Sources */ = {isa = PBXBuildFile; fileRef = F64945852357B6B8009E423B /* StarkStatusItem.swift */; };
		F649A3CD1C68E3C600A3C81A /* Stark.swift in Sources */ = {isa = PBXBuildFile; fileRef = F649A3CC1C68E3C600A3C81A /* Stark.swift */; };
		F65D267523550A3B00A9EE5F /* Task.swift in Sources */ = {isa = PBXBuildFile; fileRef = F65D267423550A3B00A9EE5F /* Task.swift */; };
		F65D267723550EC000A9EE5F /* TaskJSExport.swift in Sources */ = {isa = PBXBuildFile; fileRef = F65D267623550EC000A9EE5F /* TaskJSExport.swift */; };
		F66454F91C70107F00B6371C /* RunningAppsObserver.swift in Sources */ = {isa = PBXBuildFile; fileRef = F66454F81C70107F00B6371C /* RunningAppsObserver.swift */; };
		F66454FB1C703DD000B6371C /* AppObserver.swift in Sources */ = {isa = PBXBuildFile; fileRef = F66454FA1C703DD000B6371C /* AppObserver.swift */; };
		F66509DB25E594F0006C0C19 /* SkyLight.framework in Frameworks */ = {isa = PBXBuildFile; fileRef = F66509DA25E594F0006C0C19 /* SkyLight.framework */; };
		F667BCA61CFB972A008B4B83 /* Context.swift in Sources */ = {isa = PBXBuildFile; fileRef = F667BCA51CFB972A008B4B83 /* Context.swift */; };
		F66C39C61C6AD73E0008FDD5 /* Bind.swift in Sources */ = {isa = PBXBuildFile; fileRef = F66C39C51C6AD73E0008FDD5 /* Bind.swift */; };
		F6792C2B1C404B53007D9DF9 /* AppDelegate.swift in Sources */ = {isa = PBXBuildFile; fileRef = F6792C2A1C404B53007D9DF9 /* AppDelegate.swift */; };
		F6792C2D1C404B53007D9DF9 /* Assets.xcassets in Resources */ = {isa = PBXBuildFile; fileRef = F6792C2C1C404B53007D9DF9 /* Assets.xcassets */; };
		F6792C411C405598007D9DF9 /* App.swift in Sources */ = {isa = PBXBuildFile; fileRef = F6792C401C405598007D9DF9 /* App.swift */; };
		F6792C431C4055A2007D9DF9 /* Window.swift in Sources */ = {isa = PBXBuildFile; fileRef = F6792C421C4055A2007D9DF9 /* Window.swift */; };
		F6942ECD1C6A8EEF00D2C0D4 /* Handler.swift in Sources */ = {isa = PBXBuildFile; fileRef = F6942ECC1C6A8EEF00D2C0D4 /* Handler.swift */; };
		F6A0DB5420471EE700471843 /* NSScreenJSExport.swift in Sources */ = {isa = PBXBuildFile; fileRef = F6A0DB5320471EE700471843 /* NSScreenJSExport.swift */; };
		F6A0DB5620471FBD00471843 /* ApplicationJSExport.swift in Sources */ = {isa = PBXBuildFile; fileRef = F6A0DB5520471FBD00471843 /* ApplicationJSExport.swift */; };
		F6A0DB5820471FF900471843 /* BindJSExport.swift in Sources */ = {isa = PBXBuildFile; fileRef = F6A0DB5720471FF900471843 /* BindJSExport.swift */; };
		F6A0DB5A2047200300471843 /* EventJSExport.swift in Sources */ = {isa = PBXBuildFile; fileRef = F6A0DB592047200300471843 /* EventJSExport.swift */; };
		F6A0DB5C2047201400471843 /* SpaceJSExport.swift in Sources */ = {isa = PBXBuildFile; fileRef = F6A0DB5B2047201400471843 /* SpaceJSExport.swift */; };
		F6A0DB5E2047202400471843 /* StarkJSExport.swift in Sources */ = {isa = PBXBuildFile; fileRef = F6A0DB5D2047202400471843 /* StarkJSExport.swift */; };
		F6A0DB602047203500471843 /* TimerJSExport.swift in Sources */ = {isa = PBXBuildFile; fileRef = F6A0DB5F2047203500471843 /* TimerJSExport.swift */; };
		F6A0DB622047203E00471843 /* WindowJSExport.swift in Sources */ = {isa = PBXBuildFile; fileRef = F6A0DB612047203E00471843 /* WindowJSExport.swift */; };
		F6A41BD31CA7144100D1C0C5 /* LogHelper.swift in Sources */ = {isa = PBXBuildFile; fileRef = F6A41BD21CA7144100D1C0C5 /* LogHelper.swift */; };
		F6CBE6061C4160A900C962A7 /* NSScreen+Extension.swift in Sources */ = {isa = PBXBuildFile; fileRef = F6CBE6051C4160A900C962A7 /* NSScreen+Extension.swift */; };
		F6CBE6081C418D6300C962A7 /* Config.swift in Sources */ = {isa = PBXBuildFile; fileRef = F6CBE6071C418D6300C962A7 /* Config.swift */; };
		F6D00B671E0E03F30087F68D /* MainMenu.xib in Resources */ = {isa = PBXBuildFile; fileRef = F6D00B661E0E03F30087F68D /* MainMenu.xib */; };
		F6E86E9B25E68D81006BC172 /* stark-example.js in Resources */ = {isa = PBXBuildFile; fileRef = F6E86E9625E68D81006BC172 /* stark-example.js */; };
		F6E86E9C25E68D81006BC172 /* event.js in Resources */ = {isa = PBXBuildFile; fileRef = F6E86E9725E68D81006BC172 /* event.js */; };
		F6E86E9D25E68D81006BC172 /* bind.js in Resources */ = {isa = PBXBuildFile; fileRef = F6E86E9825E68D81006BC172 /* bind.js */; };
		F6E86E9E25E68D81006BC172 /* timer.js in Resources */ = {isa = PBXBuildFile; fileRef = F6E86E9925E68D81006BC172 /* timer.js */; };
		F6E86E9F25E68D81006BC172 /* task.js in Resources */ = {isa = PBXBuildFile; fileRef = F6E86E9A25E68D81006BC172 /* task.js */; };
		F6EB17181CF36CCC00E08F8F /* LaunchAgentHelper.swift in Sources */ = {isa = PBXBuildFile; fileRef = F6EB17171CF36CCC00E08F8F /* LaunchAgentHelper.swift */; };
/* End PBXBuildFile section */

/* Begin PBXFileReference section */
		F6002D6E1C47086100C958F5 /* KeyCodeHelper.swift */ = {isa = PBXFileReference; fileEncoding = 4; lastKnownFileType = sourcecode.swift; path = KeyCodeHelper.swift; sourceTree = "<group>"; };
		F60894E01C6D9E310079D7B5 /* Event.swift */ = {isa = PBXFileReference; fileEncoding = 4; lastKnownFileType = sourcecode.swift; path = Event.swift; sourceTree = "<group>"; };
		F60894E21C6DA0090079D7B5 /* EventHelper.swift */ = {isa = PBXFileReference; fileEncoding = 4; lastKnownFileType = sourcecode.swift; path = EventHelper.swift; sourceTree = "<group>"; };
		F6270F8D1CF9D10500E6F679 /* Timer.swift */ = {isa = PBXFileReference; fileEncoding = 4; lastKnownFileType = sourcecode.swift; path = Timer.swift; sourceTree = "<group>"; };
		F644DFF51FB5110B00944C6B /* Space.swift */ = {isa = PBXFileReference; lastKnownFileType = sourcecode.swift; path = Space.swift; sourceTree = "<group>"; };
		F64945852357B6B8009E423B /* StarkStatusItem.swift */ = {isa = PBXFileReference; lastKnownFileType = sourcecode.swift; path = StarkStatusItem.swift; sourceTree = "<group>"; };
		F649A3CC1C68E3C600A3C81A /* Stark.swift */ = {isa = PBXFileReference; fileEncoding = 4; lastKnownFileType = sourcecode.swift; path = Stark.swift; sourceTree = "<group>"; };
		F65D267423550A3B00A9EE5F /* Task.swift */ = {isa = PBXFileReference; lastKnownFileType = sourcecode.swift; path = Task.swift; sourceTree = "<group>"; };
		F65D267623550EC000A9EE5F /* TaskJSExport.swift */ = {isa = PBXFileReference; lastKnownFileType = sourcecode.swift; path = TaskJSExport.swift; sourceTree = "<group>"; };
		F66454F81C70107F00B6371C /* RunningAppsObserver.swift */ = {isa = PBXFileReference; fileEncoding = 4; lastKnownFileType = sourcecode.swift; path = RunningAppsObserver.swift; sourceTree = "<group>"; };
		F66454FA1C703DD000B6371C /* AppObserver.swift */ = {isa = PBXFileReference; fileEncoding = 4; lastKnownFileType = sourcecode.swift; path = AppObserver.swift; sourceTree = "<group>"; };
		F66509DA25E594F0006C0C19 /* SkyLight.framework */ = {isa = PBXFileReference; lastKnownFileType = wrapper.framework; name = SkyLight.framework; path = ../../../../System/Library/PrivateFrameworks/SkyLight.framework; sourceTree = "<group>"; };
		F66509DD25E5975C006C0C19 /* extern.h */ = {isa = PBXFileReference; lastKnownFileType = sourcecode.c.h; path = extern.h; sourceTree = "<group>"; };
		F667BCA51CFB972A008B4B83 /* Context.swift */ = {isa = PBXFileReference; fileEncoding = 4; lastKnownFileType = sourcecode.swift; path = Context.swift; sourceTree = "<group>"; };
		F66C39C51C6AD73E0008FDD5 /* Bind.swift */ = {isa = PBXFileReference; fileEncoding = 4; lastKnownFileType = sourcecode.swift; path = Bind.swift; sourceTree = "<group>"; };
		F6792C271C404B53007D9DF9 /* Stark.app */ = {isa = PBXFileReference; explicitFileType = wrapper.application; includeInIndex = 0; path = Stark.app; sourceTree = BUILT_PRODUCTS_DIR; };
		F6792C2A1C404B53007D9DF9 /* AppDelegate.swift */ = {isa = PBXFileReference; lastKnownFileType = sourcecode.swift; path = AppDelegate.swift; sourceTree = "<group>"; };
		F6792C2C1C404B53007D9DF9 /* Assets.xcassets */ = {isa = PBXFileReference; lastKnownFileType = folder.assetcatalog; path = Assets.xcassets; sourceTree = "<group>"; };
		F6792C311C404B53007D9DF9 /* Info.plist */ = {isa = PBXFileReference; lastKnownFileType = text.plist.xml; path = Info.plist; sourceTree = "<group>"; };
		F6792C401C405598007D9DF9 /* App.swift */ = {isa = PBXFileReference; fileEncoding = 4; lastKnownFileType = sourcecode.swift; path = App.swift; sourceTree = "<group>"; };
		F6792C421C4055A2007D9DF9 /* Window.swift */ = {isa = PBXFileReference; fileEncoding = 4; lastKnownFileType = sourcecode.swift; path = Window.swift; sourceTree = "<group>"; };
		F6942ECC1C6A8EEF00D2C0D4 /* Handler.swift */ = {isa = PBXFileReference; fileEncoding = 4; lastKnownFileType = sourcecode.swift; path = Handler.swift; sourceTree = "<group>"; };
		F6A0DB5320471EE700471843 /* NSScreenJSExport.swift */ = {isa = PBXFileReference; lastKnownFileType = sourcecode.swift; path = NSScreenJSExport.swift; sourceTree = "<group>"; };
		F6A0DB5520471FBD00471843 /* ApplicationJSExport.swift */ = {isa = PBXFileReference; lastKnownFileType = sourcecode.swift; path = ApplicationJSExport.swift; sourceTree = "<group>"; };
		F6A0DB5720471FF900471843 /* BindJSExport.swift */ = {isa = PBXFileReference; lastKnownFileType = sourcecode.swift; path = BindJSExport.swift; sourceTree = "<group>"; };
		F6A0DB592047200300471843 /* EventJSExport.swift */ = {isa = PBXFileReference; lastKnownFileType = sourcecode.swift; path = EventJSExport.swift; sourceTree = "<group>"; };
		F6A0DB5B2047201400471843 /* SpaceJSExport.swift */ = {isa = PBXFileReference; lastKnownFileType = sourcecode.swift; path = SpaceJSExport.swift; sourceTree = "<group>"; };
		F6A0DB5D2047202400471843 /* StarkJSExport.swift */ = {isa = PBXFileReference; lastKnownFileType = sourcecode.swift; path = StarkJSExport.swift; sourceTree = "<group>"; };
		F6A0DB5F2047203500471843 /* TimerJSExport.swift */ = {isa = PBXFileReference; lastKnownFileType = sourcecode.swift; path = TimerJSExport.swift; sourceTree = "<group>"; };
		F6A0DB612047203E00471843 /* WindowJSExport.swift */ = {isa = PBXFileReference; lastKnownFileType = sourcecode.swift; path = WindowJSExport.swift; sourceTree = "<group>"; };
		F6A41BD21CA7144100D1C0C5 /* LogHelper.swift */ = {isa = PBXFileReference; fileEncoding = 4; lastKnownFileType = sourcecode.swift; path = LogHelper.swift; sourceTree = "<group>"; };
		F6CBE6051C4160A900C962A7 /* NSScreen+Extension.swift */ = {isa = PBXFileReference; fileEncoding = 4; lastKnownFileType = sourcecode.swift; path = "NSScreen+Extension.swift"; sourceTree = "<group>"; };
		F6CBE6071C418D6300C962A7 /* Config.swift */ = {isa = PBXFileReference; fileEncoding = 4; lastKnownFileType = sourcecode.swift; path = Config.swift; sourceTree = "<group>"; };
		F6CBE6101C41A50F00C962A7 /* Stark-Bridging-Header.h */ = {isa = PBXFileReference; lastKnownFileType = sourcecode.c.h; path = "Stark-Bridging-Header.h"; sourceTree = "<group>"; };
		F6D00B661E0E03F30087F68D /* MainMenu.xib */ = {isa = PBXFileReference; fileEncoding = 4; lastKnownFileType = file.xib; path = MainMenu.xib; sourceTree = "<group>"; };
		F6E86E9625E68D81006BC172 /* stark-example.js */ = {isa = PBXFileReference; fileEncoding = 4; lastKnownFileType = sourcecode.javascript; path = "stark-example.js"; sourceTree = "<group>"; };
		F6E86E9725E68D81006BC172 /* event.js */ = {isa = PBXFileReference; fileEncoding = 4; lastKnownFileType = sourcecode.javascript; path = event.js; sourceTree = "<group>"; };
		F6E86E9825E68D81006BC172 /* bind.js */ = {isa = PBXFileReference; fileEncoding = 4; lastKnownFileType = sourcecode.javascript; path = bind.js; sourceTree = "<group>"; };
		F6E86E9925E68D81006BC172 /* timer.js */ = {isa = PBXFileReference; fileEncoding = 4; lastKnownFileType = sourcecode.javascript; path = timer.js; sourceTree = "<group>"; };
		F6E86E9A25E68D81006BC172 /* task.js */ = {isa = PBXFileReference; fileEncoding = 4; lastKnownFileType = sourcecode.javascript; path = task.js; sourceTree = "<group>"; };
		F6EB17171CF36CCC00E08F8F /* LaunchAgentHelper.swift */ = {isa = PBXFileReference; fileEncoding = 4; lastKnownFileType = sourcecode.swift; path = LaunchAgentHelper.swift; sourceTree = "<group>"; };
/* End PBXFileReference section */

/* Begin PBXFrameworksBuildPhase section */
		F6FFF1A61E1219B20023D78C /* Frameworks */ = {
			isa = PBXFrameworksBuildPhase;
			buildActionMask = 2147483647;
			files = (
				F66509DB25E594F0006C0C19 /* SkyLight.framework in Frameworks */,
			);
			runOnlyForDeploymentPostprocessing = 0;
		};
/* End PBXFrameworksBuildPhase section */

/* Begin PBXGroup section */
		F64EB38C2060672C00C1838A /* Source */ = {
			isa = PBXGroup;
			children = (
				F6792C371C404EF3007D9DF9 /* API */,
				F6792C381C404EF8007D9DF9 /* Helpers */,
				F66B8CF025F0194A00747DDE /* Observers */,
				F6792C2A1C404B53007D9DF9 /* AppDelegate.swift */,
				F6CBE6071C418D6300C962A7 /* Config.swift */,
				F667BCA51CFB972A008B4B83 /* Context.swift */,
				F64945852357B6B8009E423B /* StarkStatusItem.swift */,
			);
			path = Source;
			sourceTree = "<group>";
		};
		F66509D925E594F0006C0C19 /* Frameworks */ = {
			isa = PBXGroup;
			children = (
				F66509DA25E594F0006C0C19 /* SkyLight.framework */,
			);
			name = Frameworks;
			sourceTree = "<group>";
		};
		F66B8CF025F0194A00747DDE /* Observers */ = {
			isa = PBXGroup;
			children = (
				F66454FA1C703DD000B6371C /* AppObserver.swift */,
				F66454F81C70107F00B6371C /* RunningAppsObserver.swift */,
			);
			path = Observers;
			sourceTree = "<group>";
		};
		F66B8CF325F01D5F00747DDE /* Support */ = {
			isa = PBXGroup;
			children = (
				F6792C311C404B53007D9DF9 /* Info.plist */,
			);
			path = Support;
			sourceTree = "<group>";
		};
		F6792C1E1C404B53007D9DF9 = {
			isa = PBXGroup;
			children = (
				F66509D925E594F0006C0C19 /* Frameworks */,
				F6792C281C404B53007D9DF9 /* Products */,
				F6792C291C404B53007D9DF9 /* Stark */,
			);
			sourceTree = "<group>";
		};
		F6792C281C404B53007D9DF9 /* Products */ = {
			isa = PBXGroup;
			children = (
				F6792C271C404B53007D9DF9 /* Stark.app */,
			);
			name = Products;
			sourceTree = "<group>";
		};
		F6792C291C404B53007D9DF9 /* Stark */ = {
			isa = PBXGroup;
			children = (
				F6792C391C404F01007D9DF9 /* Resources */,
				F64EB38C2060672C00C1838A /* Source */,
				F66B8CF325F01D5F00747DDE /* Support */,
				F6CBE6101C41A50F00C962A7 /* Stark-Bridging-Header.h */,
				F66509DD25E5975C006C0C19 /* extern.h */,
			);
			path = Stark;
			sourceTree = "<group>";
		};
		F6792C371C404EF3007D9DF9 /* API */ = {
			isa = PBXGroup;
			children = (
				F6A0DB52204648D700471843 /* Exports */,
				F6A0DB63204724AF00471843 /* Extensions */,
				F6792C401C405598007D9DF9 /* App.swift */,
				F66C39C51C6AD73E0008FDD5 /* Bind.swift */,
				F60894E01C6D9E310079D7B5 /* Event.swift */,
				F6942ECC1C6A8EEF00D2C0D4 /* Handler.swift */,
				F644DFF51FB5110B00944C6B /* Space.swift */,
				F649A3CC1C68E3C600A3C81A /* Stark.swift */,
				F65D267423550A3B00A9EE5F /* Task.swift */,
				F6270F8D1CF9D10500E6F679 /* Timer.swift */,
				F6792C421C4055A2007D9DF9 /* Window.swift */,
			);
			path = API;
			sourceTree = "<group>";
		};
		F6792C381C404EF8007D9DF9 /* Helpers */ = {
			isa = PBXGroup;
			children = (
				F60894E21C6DA0090079D7B5 /* EventHelper.swift */,
				F6002D6E1C47086100C958F5 /* KeyCodeHelper.swift */,
				F6EB17171CF36CCC00E08F8F /* LaunchAgentHelper.swift */,
				F6A41BD21CA7144100D1C0C5 /* LogHelper.swift */,
			);
			path = Helpers;
			sourceTree = "<group>";
		};
		F6792C391C404F01007D9DF9 /* Resources */ = {
			isa = PBXGroup;
			children = (
				F6E86E8825E68D3F006BC172 /* JavaScript */,
				F6792C2C1C404B53007D9DF9 /* Assets.xcassets */,
				F6D00B661E0E03F30087F68D /* MainMenu.xib */,
			);
			path = Resources;
			sourceTree = "<group>";
		};
		F6A0DB52204648D700471843 /* Exports */ = {
			isa = PBXGroup;
			children = (
				F6A0DB5520471FBD00471843 /* ApplicationJSExport.swift */,
				F6A0DB5720471FF900471843 /* BindJSExport.swift */,
				F6A0DB592047200300471843 /* EventJSExport.swift */,
				F6A0DB5320471EE700471843 /* NSScreenJSExport.swift */,
				F6A0DB5B2047201400471843 /* SpaceJSExport.swift */,
				F6A0DB5D2047202400471843 /* StarkJSExport.swift */,
				F65D267623550EC000A9EE5F /* TaskJSExport.swift */,
				F6A0DB5F2047203500471843 /* TimerJSExport.swift */,
				F6A0DB612047203E00471843 /* WindowJSExport.swift */,
			);
			path = Exports;
			sourceTree = "<group>";
		};
		F6A0DB63204724AF00471843 /* Extensions */ = {
			isa = PBXGroup;
			children = (
				F6CBE6051C4160A900C962A7 /* NSScreen+Extension.swift */,
			);
			path = Extensions;
			sourceTree = "<group>";
		};
		F6E86E8825E68D3F006BC172 /* JavaScript */ = {
			isa = PBXGroup;
			children = (
				F6E86E9825E68D81006BC172 /* bind.js */,
				F6E86E9725E68D81006BC172 /* event.js */,
				F6E86E9625E68D81006BC172 /* stark-example.js */,
				F6E86E9A25E68D81006BC172 /* task.js */,
				F6E86E9925E68D81006BC172 /* timer.js */,
			);
			path = JavaScript;
			sourceTree = "<group>";
		};
/* End PBXGroup section */

/* Begin PBXNativeTarget section */
		F6792C261C404B53007D9DF9 /* Stark */ = {
			isa = PBXNativeTarget;
			buildConfigurationList = F6792C341C404B53007D9DF9 /* Build configuration list for PBXNativeTarget "Stark" */;
			buildPhases = (
				F6B4BB8D234D3FDE00B4CC61 /* SwiftFormat */,
				F66FB78E1E08EDCB006A0430 /* SwiftLint */,
				F6792C231C404B53007D9DF9 /* Sources */,
				F6FFF1A61E1219B20023D78C /* Frameworks */,
				F6792C251C404B53007D9DF9 /* Resources */,
			);
			buildRules = (
			);
			dependencies = (
			);
			name = Stark;
			productName = Stark;
			productReference = F6792C271C404B53007D9DF9 /* Stark.app */;
			productType = "com.apple.product-type.application";
		};
/* End PBXNativeTarget section */

/* Begin PBXProject section */
		F6792C1F1C404B53007D9DF9 /* Project object */ = {
			isa = PBXProject;
			attributes = {
				LastSwiftUpdateCheck = 0720;
				LastUpgradeCheck = 1240;
				ORGANIZATIONNAME = "Tom Bell";
				TargetAttributes = {
					F6792C261C404B53007D9DF9 = {
						CreatedOnToolsVersion = 7.2;
						DevelopmentTeam = Y54Z78V9M7;
						LastSwiftMigration = 1110;
						ProvisioningStyle = Automatic;
					};
				};
			};
			buildConfigurationList = F6792C221C404B53007D9DF9 /* Build configuration list for PBXProject "Stark" */;
			compatibilityVersion = "Xcode 3.2";
			developmentRegion = en;
			hasScannedForEncodings = 0;
			knownRegions = (
				en,
				Base,
			);
			mainGroup = F6792C1E1C404B53007D9DF9;
			productRefGroup = F6792C281C404B53007D9DF9 /* Products */;
			projectDirPath = "";
			projectRoot = "";
			targets = (
				F6792C261C404B53007D9DF9 /* Stark */,
			);
		};
/* End PBXProject section */

/* Begin PBXResourcesBuildPhase section */
		F6792C251C404B53007D9DF9 /* Resources */ = {
			isa = PBXResourcesBuildPhase;
			buildActionMask = 2147483647;
			files = (
				F6E86E9E25E68D81006BC172 /* timer.js in Resources */,
				F6792C2D1C404B53007D9DF9 /* Assets.xcassets in Resources */,
				F6E86E9C25E68D81006BC172 /* event.js in Resources */,
				F6E86E9F25E68D81006BC172 /* task.js in Resources */,
				F6E86E9D25E68D81006BC172 /* bind.js in Resources */,
				F6E86E9B25E68D81006BC172 /* stark-example.js in Resources */,
				F6D00B671E0E03F30087F68D /* MainMenu.xib in Resources */,
			);
			runOnlyForDeploymentPostprocessing = 0;
		};
/* End PBXResourcesBuildPhase section */

/* Begin PBXShellScriptBuildPhase section */
		F66FB78E1E08EDCB006A0430 /* SwiftLint */ = {
			isa = PBXShellScriptBuildPhase;
			buildActionMask = 2147483647;
			files = (
			);
			inputPaths = (
			);
			name = SwiftLint;
			outputPaths = (
			);
			runOnlyForDeploymentPostprocessing = 0;
			shellPath = /bin/sh;
			shellScript = "if which swiftlint >/dev/null; then\n    swiftlint\nelse\n    echo \"Please install SwiftLint.\"\nfi\n";
			showEnvVarsInLog = 0;
		};
		F6B4BB8D234D3FDE00B4CC61 /* SwiftFormat */ = {
			isa = PBXShellScriptBuildPhase;
			buildActionMask = 2147483647;
			files = (
			);
			inputFileListPaths = (
			);
			inputPaths = (
			);
			name = SwiftFormat;
			outputFileListPaths = (
			);
			outputPaths = (
			);
			runOnlyForDeploymentPostprocessing = 0;
			shellPath = /bin/sh;
			shellScript = "if which swiftformat >/dev/null; then\n    swiftformat .\nelse\n    echo \"Please install SwiftFormat.\"\nfi\n";
		};
/* End PBXShellScriptBuildPhase section */

/* Begin PBXSourcesBuildPhase section */
		F6792C231C404B53007D9DF9 /* Sources */ = {
			isa = PBXSourcesBuildPhase;
			buildActionMask = 2147483647;
			files = (
				F6792C411C405598007D9DF9 /* App.swift in Sources */,
				F6A41BD31CA7144100D1C0C5 /* LogHelper.swift in Sources */,
				F60894E11C6D9E310079D7B5 /* Event.swift in Sources */,
				F6002D6F1C47086100C958F5 /* KeyCodeHelper.swift in Sources */,
				F6A0DB5C2047201400471843 /* SpaceJSExport.swift in Sources */,
				F6CBE6061C4160A900C962A7 /* NSScreen+Extension.swift in Sources */,
				F66454FB1C703DD000B6371C /* AppObserver.swift in Sources */,
				F6A0DB5420471EE700471843 /* NSScreenJSExport.swift in Sources */,
				F66454F91C70107F00B6371C /* RunningAppsObserver.swift in Sources */,
				F6CBE6081C418D6300C962A7 /* Config.swift in Sources */,
				F6A0DB5A2047200300471843 /* EventJSExport.swift in Sources */,
				F6A0DB5620471FBD00471843 /* ApplicationJSExport.swift in Sources */,
				F6A0DB622047203E00471843 /* WindowJSExport.swift in Sources */,
				F644DFF61FB5110B00944C6B /* Space.swift in Sources */,
				F60894E31C6DA0090079D7B5 /* EventHelper.swift in Sources */,
				F6A0DB5E2047202400471843 /* StarkJSExport.swift in Sources */,
				F6942ECD1C6A8EEF00D2C0D4 /* Handler.swift in Sources */,
				F667BCA61CFB972A008B4B83 /* Context.swift in Sources */,
				F649A3CD1C68E3C600A3C81A /* Stark.swift in Sources */,
				F66C39C61C6AD73E0008FDD5 /* Bind.swift in Sources */,
				F6792C2B1C404B53007D9DF9 /* AppDelegate.swift in Sources */,
				F6270F8E1CF9D10500E6F679 /* Timer.swift in Sources */,
				F64945862357B6B8009E423B /* StarkStatusItem.swift in Sources */,
				F6A0DB5820471FF900471843 /* BindJSExport.swift in Sources */,
				F65D267523550A3B00A9EE5F /* Task.swift in Sources */,
				F6792C431C4055A2007D9DF9 /* Window.swift in Sources */,
				F6EB17181CF36CCC00E08F8F /* LaunchAgentHelper.swift in Sources */,
				F6A0DB602047203500471843 /* TimerJSExport.swift in Sources */,
				F65D267723550EC000A9EE5F /* TaskJSExport.swift in Sources */,
			);
			runOnlyForDeploymentPostprocessing = 0;
		};
/* End PBXSourcesBuildPhase section */

/* Begin XCBuildConfiguration section */
		F6792C321C404B53007D9DF9 /* Debug */ = {
			isa = XCBuildConfiguration;
			buildSettings = {
				ALWAYS_SEARCH_USER_PATHS = NO;
				CLANG_ANALYZER_LOCALIZABILITY_NONLOCALIZED = YES;
				CLANG_CXX_LANGUAGE_STANDARD = "gnu++0x";
				CLANG_CXX_LIBRARY = "libc++";
				CLANG_ENABLE_MODULES = YES;
				CLANG_ENABLE_OBJC_ARC = YES;
				CLANG_WARN_BLOCK_CAPTURE_AUTORELEASING = YES;
				CLANG_WARN_BOOL_CONVERSION = YES;
				CLANG_WARN_COMMA = YES;
				CLANG_WARN_CONSTANT_CONVERSION = YES;
				CLANG_WARN_DEPRECATED_OBJC_IMPLEMENTATIONS = YES;
				CLANG_WARN_DIRECT_OBJC_ISA_USAGE = YES_ERROR;
				CLANG_WARN_EMPTY_BODY = YES;
				CLANG_WARN_ENUM_CONVERSION = YES;
				CLANG_WARN_INFINITE_RECURSION = YES;
				CLANG_WARN_INT_CONVERSION = YES;
				CLANG_WARN_NON_LITERAL_NULL_CONVERSION = YES;
				CLANG_WARN_OBJC_IMPLICIT_RETAIN_SELF = YES;
				CLANG_WARN_OBJC_LITERAL_CONVERSION = YES;
				CLANG_WARN_OBJC_ROOT_CLASS = YES_ERROR;
				CLANG_WARN_QUOTED_INCLUDE_IN_FRAMEWORK_HEADER = YES;
				CLANG_WARN_RANGE_LOOP_ANALYSIS = YES;
				CLANG_WARN_STRICT_PROTOTYPES = YES;
				CLANG_WARN_SUSPICIOUS_MOVE = YES;
				CLANG_WARN_UNREACHABLE_CODE = YES;
				CLANG_WARN__DUPLICATE_METHOD_MATCH = YES;
				CODE_SIGN_IDENTITY = "";
				COPY_PHASE_STRIP = NO;
				DEBUG_INFORMATION_FORMAT = dwarf;
				ENABLE_STRICT_OBJC_MSGSEND = YES;
				ENABLE_TESTABILITY = YES;
				GCC_C_LANGUAGE_STANDARD = gnu99;
				GCC_DYNAMIC_NO_PIC = NO;
				GCC_NO_COMMON_BLOCKS = YES;
				GCC_OPTIMIZATION_LEVEL = 0;
				GCC_PREPROCESSOR_DEFINITIONS = (
					"DEBUG=1",
					"$(inherited)",
				);
				GCC_WARN_64_TO_32_BIT_CONVERSION = YES;
				GCC_WARN_ABOUT_RETURN_TYPE = YES_ERROR;
				GCC_WARN_UNDECLARED_SELECTOR = YES;
				GCC_WARN_UNINITIALIZED_AUTOS = YES_AGGRESSIVE;
				GCC_WARN_UNUSED_FUNCTION = YES;
				GCC_WARN_UNUSED_VARIABLE = YES;
				MACOSX_DEPLOYMENT_TARGET = 10.14;
				MTL_ENABLE_DEBUG_INFO = YES;
				ONLY_ACTIVE_ARCH = YES;
				SDKROOT = macosx;
				SWIFT_OPTIMIZATION_LEVEL = "-Onone";
			};
			name = Debug;
		};
		F6792C331C404B53007D9DF9 /* Release */ = {
			isa = XCBuildConfiguration;
			buildSettings = {
				ALWAYS_SEARCH_USER_PATHS = NO;
				CLANG_ANALYZER_LOCALIZABILITY_NONLOCALIZED = YES;
				CLANG_CXX_LANGUAGE_STANDARD = "gnu++0x";
				CLANG_CXX_LIBRARY = "libc++";
				CLANG_ENABLE_MODULES = YES;
				CLANG_ENABLE_OBJC_ARC = YES;
				CLANG_WARN_BLOCK_CAPTURE_AUTORELEASING = YES;
				CLANG_WARN_BOOL_CONVERSION = YES;
				CLANG_WARN_COMMA = YES;
				CLANG_WARN_CONSTANT_CONVERSION = YES;
				CLANG_WARN_DEPRECATED_OBJC_IMPLEMENTATIONS = YES;
				CLANG_WARN_DIRECT_OBJC_ISA_USAGE = YES_ERROR;
				CLANG_WARN_EMPTY_BODY = YES;
				CLANG_WARN_ENUM_CONVERSION = YES;
				CLANG_WARN_INFINITE_RECURSION = YES;
				CLANG_WARN_INT_CONVERSION = YES;
				CLANG_WARN_NON_LITERAL_NULL_CONVERSION = YES;
				CLANG_WARN_OBJC_IMPLICIT_RETAIN_SELF = YES;
				CLANG_WARN_OBJC_LITERAL_CONVERSION = YES;
				CLANG_WARN_OBJC_ROOT_CLASS = YES_ERROR;
				CLANG_WARN_QUOTED_INCLUDE_IN_FRAMEWORK_HEADER = YES;
				CLANG_WARN_RANGE_LOOP_ANALYSIS = YES;
				CLANG_WARN_STRICT_PROTOTYPES = YES;
				CLANG_WARN_SUSPICIOUS_MOVE = YES;
				CLANG_WARN_UNREACHABLE_CODE = YES;
				CLANG_WARN__DUPLICATE_METHOD_MATCH = YES;
				CODE_SIGN_IDENTITY = "";
				COPY_PHASE_STRIP = NO;
				DEBUG_INFORMATION_FORMAT = "dwarf-with-dsym";
				ENABLE_NS_ASSERTIONS = NO;
				ENABLE_STRICT_OBJC_MSGSEND = YES;
				GCC_C_LANGUAGE_STANDARD = gnu99;
				GCC_NO_COMMON_BLOCKS = YES;
				GCC_WARN_64_TO_32_BIT_CONVERSION = YES;
				GCC_WARN_ABOUT_RETURN_TYPE = YES_ERROR;
				GCC_WARN_UNDECLARED_SELECTOR = YES;
				GCC_WARN_UNINITIALIZED_AUTOS = YES_AGGRESSIVE;
				GCC_WARN_UNUSED_FUNCTION = YES;
				GCC_WARN_UNUSED_VARIABLE = YES;
				MACOSX_DEPLOYMENT_TARGET = 10.14;
				MTL_ENABLE_DEBUG_INFO = NO;
				SDKROOT = macosx;
				SWIFT_OPTIMIZATION_LEVEL = "-Owholemodule";
			};
			name = Release;
		};
		F6792C351C404B53007D9DF9 /* Debug */ = {
			isa = XCBuildConfiguration;
			buildSettings = {
				ASSETCATALOG_COMPILER_APPICON_NAME = AppIcon;
				CLANG_ENABLE_MODULES = YES;
				CODE_SIGN_IDENTITY = "Apple Development";
				CODE_SIGN_STYLE = Automatic;
				COMBINE_HIDPI_IMAGES = YES;
				CURRENT_PROJECT_VERSION = 10;
				DEVELOPMENT_TEAM = Y54Z78V9M7;
				ENABLE_HARDENED_RUNTIME = YES;
				FRAMEWORK_SEARCH_PATHS = "$(inherited)";
				INFOPLIST_FILE = Stark/Support/Info.plist;
				LD_RUNPATH_SEARCH_PATHS = "$(inherited) @executable_path/../Frameworks";
				MACOSX_DEPLOYMENT_TARGET = 11.0;
				MARKETING_VERSION = 1.4.0;
				PRODUCT_BUNDLE_IDENTIFIER = co.rustyrobots.Stark;
				PRODUCT_NAME = "$(TARGET_NAME)";
				SWIFT_OBJC_BRIDGING_HEADER = "Stark/Stark-Bridging-Header.h";
				SWIFT_OPTIMIZATION_LEVEL = "-Onone";
				SWIFT_SWIFT3_OBJC_INFERENCE = Off;
				SWIFT_VERSION = 5.0;
				SYSTEM_FRAMEWORK_SEARCH_PATHS = "$(inherited) $(SYSTEM_LIBRARY_DIR)/PrivateFrameworks";
				VERSIONING_SYSTEM = "apple-generic";
			};
			name = Debug;
		};
		F6792C361C404B53007D9DF9 /* Release */ = {
			isa = XCBuildConfiguration;
			buildSettings = {
				ASSETCATALOG_COMPILER_APPICON_NAME = AppIcon;
				CLANG_ENABLE_MODULES = YES;
				CODE_SIGN_IDENTITY = "Apple Development";
				CODE_SIGN_STYLE = Automatic;
				COMBINE_HIDPI_IMAGES = YES;
				CURRENT_PROJECT_VERSION = 10;
				DEVELOPMENT_TEAM = Y54Z78V9M7;
				ENABLE_HARDENED_RUNTIME = YES;
				FRAMEWORK_SEARCH_PATHS = "$(inherited)";
				INFOPLIST_FILE = Stark/Support/Info.plist;
				LD_RUNPATH_SEARCH_PATHS = "$(inherited) @executable_path/../Frameworks";
				MACOSX_DEPLOYMENT_TARGET = 11.0;
				MARKETING_VERSION = 1.4.0;
				PRODUCT_BUNDLE_IDENTIFIER = co.rustyrobots.Stark;
				PRODUCT_NAME = "$(TARGET_NAME)";
				SWIFT_OBJC_BRIDGING_HEADER = "Stark/Stark-Bridging-Header.h";
				SWIFT_SWIFT3_OBJC_INFERENCE = Off;
				SWIFT_VERSION = 5.0;
				SYSTEM_FRAMEWORK_SEARCH_PATHS = "$(inherited) $(SYSTEM_LIBRARY_DIR)/PrivateFrameworks";
				VERSIONING_SYSTEM = "apple-generic";
			};
			name = Release;
		};
/* End XCBuildConfiguration section */

/* Begin XCConfigurationList section */
		F6792C221C404B53007D9DF9 /* Build configuration list for PBXProject "Stark" */ = {
			isa = XCConfigurationList;
			buildConfigurations = (
				F6792C321C404B53007D9DF9 /* Debug */,
				F6792C331C404B53007D9DF9 /* Release */,
			);
			defaultConfigurationIsVisible = 0;
			defaultConfigurationName = Release;
		};
		F6792C341C404B53007D9DF9 /* Build configuration list for PBXNativeTarget "Stark" */ = {
			isa = XCConfigurationList;
			buildConfigurations = (
				F6792C351C404B53007D9DF9 /* Debug */,
				F6792C361C404B53007D9DF9 /* Release */,
			);
			defaultConfigurationIsVisible = 0;
			defaultConfigurationName = Release;
		};
/* End XCConfigurationList section */
	};
	rootObject = F6792C1F1C404B53007D9DF9 /* Project object */;
}
