// !$*UTF8*$!
{
	archiveVersion = 1;
	classes = {
	};
	objectVersion = 46;
	objects = {

/* Begin PBXBuildFile section */
		F6002D6F1C47086100C958F5 /* KeyCodeHelper.swift in Sources */ = {isa = PBXBuildFile; fileRef = F6002D6E1C47086100C958F5 /* KeyCodeHelper.swift */; };
		F607840C1CDE70E6001DAFA2 /* lodash-min.js in Resources */ = {isa = PBXBuildFile; fileRef = F607840B1CDE70E6001DAFA2 /* lodash-min.js */; };
		F60894E11C6D9E310079D7B5 /* Event.swift in Sources */ = {isa = PBXBuildFile; fileRef = F60894E01C6D9E310079D7B5 /* Event.swift */; };
		F60894E31C6DA0090079D7B5 /* EventHelper.swift in Sources */ = {isa = PBXBuildFile; fileRef = F60894E21C6DA0090079D7B5 /* EventHelper.swift */; };
		F6270F8E1CF9D10500E6F679 /* Timer.swift in Sources */ = {isa = PBXBuildFile; fileRef = F6270F8D1CF9D10500E6F679 /* Timer.swift */; };
		F63C8CC51CFA295200D2344B /* AboutWindowController.swift in Sources */ = {isa = PBXBuildFile; fileRef = F63C8CC41CFA295200D2344B /* AboutWindowController.swift */; };
		F63C8CC71CFA30D800D2344B /* AboutWindow.xib in Resources */ = {isa = PBXBuildFile; fileRef = F63C8CC61CFA30D800D2344B /* AboutWindow.xib */; };
		F649A3CD1C68E3C600A3C81A /* Stark.swift in Sources */ = {isa = PBXBuildFile; fileRef = F649A3CC1C68E3C600A3C81A /* Stark.swift */; };
		F66454F91C70107F00B6371C /* RunningAppsObserver.swift in Sources */ = {isa = PBXBuildFile; fileRef = F66454F81C70107F00B6371C /* RunningAppsObserver.swift */; };
		F66454FB1C703DD000B6371C /* AppObserver.swift in Sources */ = {isa = PBXBuildFile; fileRef = F66454FA1C703DD000B6371C /* AppObserver.swift */; };
		F667BCA61CFB972A008B4B83 /* Context.swift in Sources */ = {isa = PBXBuildFile; fileRef = F667BCA51CFB972A008B4B83 /* Context.swift */; };
		F66C39C61C6AD73E0008FDD5 /* Bind.swift in Sources */ = {isa = PBXBuildFile; fileRef = F66C39C51C6AD73E0008FDD5 /* Bind.swift */; };
		F6792C2B1C404B53007D9DF9 /* AppDelegate.swift in Sources */ = {isa = PBXBuildFile; fileRef = F6792C2A1C404B53007D9DF9 /* AppDelegate.swift */; };
		F6792C2D1C404B53007D9DF9 /* Assets.xcassets in Resources */ = {isa = PBXBuildFile; fileRef = F6792C2C1C404B53007D9DF9 /* Assets.xcassets */; };
		F6792C3F1C40525C007D9DF9 /* AccessibilityHelper.swift in Sources */ = {isa = PBXBuildFile; fileRef = F6792C3E1C40525C007D9DF9 /* AccessibilityHelper.swift */; };
		F6792C411C405598007D9DF9 /* Application.swift in Sources */ = {isa = PBXBuildFile; fileRef = F6792C401C405598007D9DF9 /* Application.swift */; };
		F6792C431C4055A2007D9DF9 /* Window.swift in Sources */ = {isa = PBXBuildFile; fileRef = F6792C421C4055A2007D9DF9 /* Window.swift */; };
		F67CFD7D1D93164000FF0F49 /* stark-lib.js in Resources */ = {isa = PBXBuildFile; fileRef = F67CFD7C1D93164000FF0F49 /* stark-lib.js */; };
		F6942ECD1C6A8EEF00D2C0D4 /* Handler.swift in Sources */ = {isa = PBXBuildFile; fileRef = F6942ECC1C6A8EEF00D2C0D4 /* Handler.swift */; };
		F6A41BD31CA7144100D1C0C5 /* LogHelper.swift in Sources */ = {isa = PBXBuildFile; fileRef = F6A41BD21CA7144100D1C0C5 /* LogHelper.swift */; };
		F6B76D8D1E1AC8D6003DF23B /* Secrets.swift in Sources */ = {isa = PBXBuildFile; fileRef = F6B76D8C1E1AC8D6003DF23B /* Secrets.swift */; };
		F6CBE6061C4160A900C962A7 /* NSScreen+JSExport.swift in Sources */ = {isa = PBXBuildFile; fileRef = F6CBE6051C4160A900C962A7 /* NSScreen+JSExport.swift */; };
		F6CBE6081C418D6300C962A7 /* Config.swift in Sources */ = {isa = PBXBuildFile; fileRef = F6CBE6071C418D6300C962A7 /* Config.swift */; };
		F6D00B671E0E03F30087F68D /* MainMenu.xib in Resources */ = {isa = PBXBuildFile; fileRef = F6D00B661E0E03F30087F68D /* MainMenu.xib */; };
		F6E5ACAF1E1591980097F9B8 /* KSCrash.framework in Frameworks */ = {isa = PBXBuildFile; fileRef = F6E5ACAE1E1591980097F9B8 /* KSCrash.framework */; };
		F6E5ACB01E1591980097F9B8 /* KSCrash.framework in Embed Frameworks */ = {isa = PBXBuildFile; fileRef = F6E5ACAE1E1591980097F9B8 /* KSCrash.framework */; settings = {ATTRIBUTES = (CodeSignOnCopy, RemoveHeadersOnCopy, ); }; };
		F6E5ACB31E15919E0097F9B8 /* SentrySwift.framework in Frameworks */ = {isa = PBXBuildFile; fileRef = F6E5ACB21E15919E0097F9B8 /* SentrySwift.framework */; };
		F6E5ACB41E15919E0097F9B8 /* SentrySwift.framework in Embed Frameworks */ = {isa = PBXBuildFile; fileRef = F6E5ACB21E15919E0097F9B8 /* SentrySwift.framework */; settings = {ATTRIBUTES = (CodeSignOnCopy, RemoveHeadersOnCopy, ); }; };
		F6EB17181CF36CCC00E08F8F /* LaunchAgentHelper.swift in Sources */ = {isa = PBXBuildFile; fileRef = F6EB17171CF36CCC00E08F8F /* LaunchAgentHelper.swift */; };
		F6ED60091D71D38C007CF2A3 /* Hashable+JSExport.swift in Sources */ = {isa = PBXBuildFile; fileRef = F6ED60081D71D38C007CF2A3 /* Hashable+JSExport.swift */; };
		F6F9B8291C45D8D7007928D0 /* AlertHelper.swift in Sources */ = {isa = PBXBuildFile; fileRef = F6F9B8281C45D8D7007928D0 /* AlertHelper.swift */; };
		F6FC1C661CBAE8E10070ED3B /* stark-example.js in Resources */ = {isa = PBXBuildFile; fileRef = F6FC1C651CBAE8E10070ED3B /* stark-example.js */; };
/* End PBXBuildFile section */

/* Begin PBXCopyFilesBuildPhase section */
		F6E5ACB11E1591990097F9B8 /* Embed Frameworks */ = {
			isa = PBXCopyFilesBuildPhase;
			buildActionMask = 2147483647;
			dstPath = "";
			dstSubfolderSpec = 10;
			files = (
				F6E5ACB01E1591980097F9B8 /* KSCrash.framework in Embed Frameworks */,
				F6E5ACB41E15919E0097F9B8 /* SentrySwift.framework in Embed Frameworks */,
			);
			name = "Embed Frameworks";
			runOnlyForDeploymentPostprocessing = 0;
		};
/* End PBXCopyFilesBuildPhase section */

/* Begin PBXFileReference section */
		F6002D6E1C47086100C958F5 /* KeyCodeHelper.swift */ = {isa = PBXFileReference; fileEncoding = 4; lastKnownFileType = sourcecode.swift; path = KeyCodeHelper.swift; sourceTree = "<group>"; };
		F607840B1CDE70E6001DAFA2 /* lodash-min.js */ = {isa = PBXFileReference; fileEncoding = 4; lastKnownFileType = sourcecode.javascript; path = "lodash-min.js"; sourceTree = "<group>"; };
		F60894E01C6D9E310079D7B5 /* Event.swift */ = {isa = PBXFileReference; fileEncoding = 4; lastKnownFileType = sourcecode.swift; path = Event.swift; sourceTree = "<group>"; };
		F60894E21C6DA0090079D7B5 /* EventHelper.swift */ = {isa = PBXFileReference; fileEncoding = 4; lastKnownFileType = sourcecode.swift; path = EventHelper.swift; sourceTree = "<group>"; };
		F6270F8D1CF9D10500E6F679 /* Timer.swift */ = {isa = PBXFileReference; fileEncoding = 4; lastKnownFileType = sourcecode.swift; path = Timer.swift; sourceTree = "<group>"; };
		F63C8CC41CFA295200D2344B /* AboutWindowController.swift */ = {isa = PBXFileReference; fileEncoding = 4; lastKnownFileType = sourcecode.swift; path = AboutWindowController.swift; sourceTree = "<group>"; };
		F63C8CC61CFA30D800D2344B /* AboutWindow.xib */ = {isa = PBXFileReference; fileEncoding = 4; lastKnownFileType = file.xib; path = AboutWindow.xib; sourceTree = "<group>"; };
		F649A3CC1C68E3C600A3C81A /* Stark.swift */ = {isa = PBXFileReference; fileEncoding = 4; lastKnownFileType = sourcecode.swift; path = Stark.swift; sourceTree = "<group>"; };
		F66454F81C70107F00B6371C /* RunningAppsObserver.swift */ = {isa = PBXFileReference; fileEncoding = 4; lastKnownFileType = sourcecode.swift; path = RunningAppsObserver.swift; sourceTree = "<group>"; };
		F66454FA1C703DD000B6371C /* AppObserver.swift */ = {isa = PBXFileReference; fileEncoding = 4; lastKnownFileType = sourcecode.swift; path = AppObserver.swift; sourceTree = "<group>"; };
		F667BCA51CFB972A008B4B83 /* Context.swift */ = {isa = PBXFileReference; fileEncoding = 4; lastKnownFileType = sourcecode.swift; path = Context.swift; sourceTree = "<group>"; };
		F66C39C51C6AD73E0008FDD5 /* Bind.swift */ = {isa = PBXFileReference; fileEncoding = 4; lastKnownFileType = sourcecode.swift; path = Bind.swift; sourceTree = "<group>"; };
		F6792C271C404B53007D9DF9 /* Stark.app */ = {isa = PBXFileReference; explicitFileType = wrapper.application; includeInIndex = 0; path = Stark.app; sourceTree = BUILT_PRODUCTS_DIR; };
		F6792C2A1C404B53007D9DF9 /* AppDelegate.swift */ = {isa = PBXFileReference; lastKnownFileType = sourcecode.swift; path = AppDelegate.swift; sourceTree = "<group>"; };
		F6792C2C1C404B53007D9DF9 /* Assets.xcassets */ = {isa = PBXFileReference; lastKnownFileType = folder.assetcatalog; path = Assets.xcassets; sourceTree = "<group>"; };
		F6792C311C404B53007D9DF9 /* Info.plist */ = {isa = PBXFileReference; lastKnownFileType = text.plist.xml; path = Info.plist; sourceTree = "<group>"; };
		F6792C3E1C40525C007D9DF9 /* AccessibilityHelper.swift */ = {isa = PBXFileReference; fileEncoding = 4; lastKnownFileType = sourcecode.swift; path = AccessibilityHelper.swift; sourceTree = "<group>"; };
		F6792C401C405598007D9DF9 /* Application.swift */ = {isa = PBXFileReference; fileEncoding = 4; lastKnownFileType = sourcecode.swift; path = Application.swift; sourceTree = "<group>"; };
		F6792C421C4055A2007D9DF9 /* Window.swift */ = {isa = PBXFileReference; fileEncoding = 4; lastKnownFileType = sourcecode.swift; path = Window.swift; sourceTree = "<group>"; };
		F67CFD7C1D93164000FF0F49 /* stark-lib.js */ = {isa = PBXFileReference; fileEncoding = 4; lastKnownFileType = sourcecode.javascript; path = "stark-lib.js"; sourceTree = "<group>"; };
		F6942ECC1C6A8EEF00D2C0D4 /* Handler.swift */ = {isa = PBXFileReference; fileEncoding = 4; lastKnownFileType = sourcecode.swift; path = Handler.swift; sourceTree = "<group>"; };
		F6A41BD21CA7144100D1C0C5 /* LogHelper.swift */ = {isa = PBXFileReference; fileEncoding = 4; lastKnownFileType = sourcecode.swift; path = LogHelper.swift; sourceTree = "<group>"; };
		F6B76D8C1E1AC8D6003DF23B /* Secrets.swift */ = {isa = PBXFileReference; fileEncoding = 4; lastKnownFileType = sourcecode.swift; path = Secrets.swift; sourceTree = "<group>"; };
		F6CBE6051C4160A900C962A7 /* NSScreen+JSExport.swift */ = {isa = PBXFileReference; fileEncoding = 4; lastKnownFileType = sourcecode.swift; path = "NSScreen+JSExport.swift"; sourceTree = "<group>"; };
		F6CBE6071C418D6300C962A7 /* Config.swift */ = {isa = PBXFileReference; fileEncoding = 4; lastKnownFileType = sourcecode.swift; path = Config.swift; sourceTree = "<group>"; };
		F6CBE6101C41A50F00C962A7 /* Stark-Bridging-Header.h */ = {isa = PBXFileReference; lastKnownFileType = sourcecode.c.h; path = "Stark-Bridging-Header.h"; sourceTree = "<group>"; };
		F6D00B661E0E03F30087F68D /* MainMenu.xib */ = {isa = PBXFileReference; fileEncoding = 4; lastKnownFileType = file.xib; path = MainMenu.xib; sourceTree = "<group>"; };
		F6E5ACAE1E1591980097F9B8 /* KSCrash.framework */ = {isa = PBXFileReference; lastKnownFileType = wrapper.framework; name = KSCrash.framework; path = Carthage/Build/Mac/KSCrash.framework; sourceTree = "<group>"; };
		F6E5ACB21E15919E0097F9B8 /* SentrySwift.framework */ = {isa = PBXFileReference; lastKnownFileType = wrapper.framework; name = SentrySwift.framework; path = Carthage/Build/Mac/SentrySwift.framework; sourceTree = "<group>"; };
		F6EB17171CF36CCC00E08F8F /* LaunchAgentHelper.swift */ = {isa = PBXFileReference; fileEncoding = 4; lastKnownFileType = sourcecode.swift; path = LaunchAgentHelper.swift; sourceTree = "<group>"; };
		F6ED60081D71D38C007CF2A3 /* Hashable+JSExport.swift */ = {isa = PBXFileReference; fileEncoding = 4; lastKnownFileType = sourcecode.swift; path = "Hashable+JSExport.swift"; sourceTree = "<group>"; };
		F6F9B8281C45D8D7007928D0 /* AlertHelper.swift */ = {isa = PBXFileReference; fileEncoding = 4; lastKnownFileType = sourcecode.swift; path = AlertHelper.swift; sourceTree = "<group>"; };
		F6FC1C651CBAE8E10070ED3B /* stark-example.js */ = {isa = PBXFileReference; fileEncoding = 4; lastKnownFileType = sourcecode.javascript; path = "stark-example.js"; sourceTree = "<group>"; };
/* End PBXFileReference section */

/* Begin PBXFrameworksBuildPhase section */
		F6FFF1A61E1219B20023D78C /* Frameworks */ = {
			isa = PBXFrameworksBuildPhase;
			buildActionMask = 2147483647;
			files = (
				F6E5ACAF1E1591980097F9B8 /* KSCrash.framework in Frameworks */,
				F6E5ACB31E15919E0097F9B8 /* SentrySwift.framework in Frameworks */,
			);
			runOnlyForDeploymentPostprocessing = 0;
		};
/* End PBXFrameworksBuildPhase section */

/* Begin PBXGroup section */
		F63C8CC11CFA285800D2344B /* Interface */ = {
			isa = PBXGroup;
			children = (
				F63C8CC61CFA30D800D2344B /* AboutWindow.xib */,
				F63C8CC41CFA295200D2344B /* AboutWindowController.swift */,
			);
			path = Interface;
			sourceTree = "<group>";
		};
		F6792C1E1C404B53007D9DF9 = {
			isa = PBXGroup;
			children = (
				F6E5ACB51E1594A80097F9B8 /* Frameworks */,
				F6792C281C404B53007D9DF9 /* Products */,
				F6792C291C404B53007D9DF9 /* Stark */,
			);
			sourceTree = "<group>";
		};
		F6792C281C404B53007D9DF9 /* Products */ = {
			isa = PBXGroup;
			children = (
				F6792C271C404B53007D9DF9 /* Stark.app */,
			);
			name = Products;
			sourceTree = "<group>";
		};
		F6792C291C404B53007D9DF9 /* Stark */ = {
			isa = PBXGroup;
			children = (
				F6792C371C404EF3007D9DF9 /* API */,
				F6792C381C404EF8007D9DF9 /* Helpers */,
				F63C8CC11CFA285800D2344B /* Interface */,
				F6AB3A721C723C3300A5EEDB /* Observers */,
				F6792C391C404F01007D9DF9 /* Resources */,
				F6792C2A1C404B53007D9DF9 /* AppDelegate.swift */,
				F6CBE6071C418D6300C962A7 /* Config.swift */,
				F667BCA51CFB972A008B4B83 /* Context.swift */,
				F6792C311C404B53007D9DF9 /* Info.plist */,
				F6D00B661E0E03F30087F68D /* MainMenu.xib */,
				F6B76D8C1E1AC8D6003DF23B /* Secrets.swift */,
				F6CBE6101C41A50F00C962A7 /* Stark-Bridging-Header.h */,
			);
			path = Stark;
			sourceTree = "<group>";
		};
		F6792C371C404EF3007D9DF9 /* API */ = {
			isa = PBXGroup;
			children = (
				F6792C401C405598007D9DF9 /* Application.swift */,
				F66C39C51C6AD73E0008FDD5 /* Bind.swift */,
				F60894E01C6D9E310079D7B5 /* Event.swift */,
				F6942ECC1C6A8EEF00D2C0D4 /* Handler.swift */,
				F6ED60081D71D38C007CF2A3 /* Hashable+JSExport.swift */,
				F6CBE6051C4160A900C962A7 /* NSScreen+JSExport.swift */,
				F649A3CC1C68E3C600A3C81A /* Stark.swift */,
				F6270F8D1CF9D10500E6F679 /* Timer.swift */,
				F6792C421C4055A2007D9DF9 /* Window.swift */,
			);
			path = API;
			sourceTree = "<group>";
		};
		F6792C381C404EF8007D9DF9 /* Helpers */ = {
			isa = PBXGroup;
			children = (
				F6792C3E1C40525C007D9DF9 /* AccessibilityHelper.swift */,
				F6F9B8281C45D8D7007928D0 /* AlertHelper.swift */,
				F60894E21C6DA0090079D7B5 /* EventHelper.swift */,
				F6002D6E1C47086100C958F5 /* KeyCodeHelper.swift */,
				F6EB17171CF36CCC00E08F8F /* LaunchAgentHelper.swift */,
				F6A41BD21CA7144100D1C0C5 /* LogHelper.swift */,
			);
			path = Helpers;
			sourceTree = "<group>";
		};
		F6792C391C404F01007D9DF9 /* Resources */ = {
			isa = PBXGroup;
			children = (
				F6792C2C1C404B53007D9DF9 /* Assets.xcassets */,
				F607840B1CDE70E6001DAFA2 /* lodash-min.js */,
				F6FC1C651CBAE8E10070ED3B /* stark-example.js */,
				F67CFD7C1D93164000FF0F49 /* stark-lib.js */,
			);
			path = Resources;
			sourceTree = "<group>";
		};
		F6AB3A721C723C3300A5EEDB /* Observers */ = {
			isa = PBXGroup;
			children = (
				F66454FA1C703DD000B6371C /* AppObserver.swift */,
				F66454F81C70107F00B6371C /* RunningAppsObserver.swift */,
			);
			path = Observers;
			sourceTree = "<group>";
		};
		F6E5ACB51E1594A80097F9B8 /* Frameworks */ = {
			isa = PBXGroup;
			children = (
				F6E5ACAE1E1591980097F9B8 /* KSCrash.framework */,
				F6E5ACB21E15919E0097F9B8 /* SentrySwift.framework */,
			);
			name = Frameworks;
			sourceTree = "<group>";
		};
/* End PBXGroup section */

/* Begin PBXNativeTarget section */
		F6792C261C404B53007D9DF9 /* Stark */ = {
			isa = PBXNativeTarget;
			buildConfigurationList = F6792C341C404B53007D9DF9 /* Build configuration list for PBXNativeTarget "Stark" */;
			buildPhases = (
				F620B8771E382F6C0090EB11 /* Lint JavaScript */,
				F6BF27871E04EAEE003CC6C9 /* Minify JavaScript */,
				F66FB78E1E08EDCB006A0430 /* Lint Swift */,
				F6792C231C404B53007D9DF9 /* Sources */,
				F6FFF1A61E1219B20023D78C /* Frameworks */,
				F6792C251C404B53007D9DF9 /* Resources */,
				F6E5ACB11E1591990097F9B8 /* Embed Frameworks */,
			);
			buildRules = (
			);
			dependencies = (
			);
			name = Stark;
			productName = Stark;
			productReference = F6792C271C404B53007D9DF9 /* Stark.app */;
			productType = "com.apple.product-type.application";
		};
/* End PBXNativeTarget section */

/* Begin PBXProject section */
		F6792C1F1C404B53007D9DF9 /* Project object */ = {
			isa = PBXProject;
			attributes = {
				LastSwiftUpdateCheck = 0720;
				LastUpgradeCheck = 0800;
				ORGANIZATIONNAME = "Tom Bell";
				TargetAttributes = {
					F6792C261C404B53007D9DF9 = {
						CreatedOnToolsVersion = 7.2;
						LastSwiftMigration = 0810;
					};
				};
			};
			buildConfigurationList = F6792C221C404B53007D9DF9 /* Build configuration list for PBXProject "Stark" */;
			compatibilityVersion = "Xcode 3.2";
			developmentRegion = English;
			hasScannedForEncodings = 0;
			knownRegions = (
				en,
				Base,
			);
			mainGroup = F6792C1E1C404B53007D9DF9;
			productRefGroup = F6792C281C404B53007D9DF9 /* Products */;
			projectDirPath = "";
			projectRoot = "";
			targets = (
				F6792C261C404B53007D9DF9 /* Stark */,
			);
		};
/* End PBXProject section */

/* Begin PBXResourcesBuildPhase section */
		F6792C251C404B53007D9DF9 /* Resources */ = {
			isa = PBXResourcesBuildPhase;
			buildActionMask = 2147483647;
			files = (
				F607840C1CDE70E6001DAFA2 /* lodash-min.js in Resources */,
				F6FC1C661CBAE8E10070ED3B /* stark-example.js in Resources */,
				F67CFD7D1D93164000FF0F49 /* stark-lib.js in Resources */,
				F63C8CC71CFA30D800D2344B /* AboutWindow.xib in Resources */,
				F6792C2D1C404B53007D9DF9 /* Assets.xcassets in Resources */,
				F6D00B671E0E03F30087F68D /* MainMenu.xib in Resources */,
			);
			runOnlyForDeploymentPostprocessing = 0;
		};
/* End PBXResourcesBuildPhase section */

/* Begin PBXShellScriptBuildPhase section */
		F620B8771E382F6C0090EB11 /* Lint JavaScript */ = {
			isa = PBXShellScriptBuildPhase;
			buildActionMask = 2147483647;
			files = (
			);
			inputPaths = (
			);
			name = "Lint JavaScript";
			outputPaths = (
			);
			runOnlyForDeploymentPostprocessing = 0;
			shellPath = /bin/sh;
			shellScript = "make lint";
		};
		F66FB78E1E08EDCB006A0430 /* Lint Swift */ = {
			isa = PBXShellScriptBuildPhase;
			buildActionMask = 2147483647;
			files = (
			);
			inputPaths = (
			);
			name = "Lint Swift";
			outputPaths = (
			);
			runOnlyForDeploymentPostprocessing = 0;
			shellPath = /bin/sh;
			shellScript = "if which swiftlint >/dev/null; then\n    swiftlint autocorrect --path ./Stark\n    swiftlint lint --path ./Stark\nelse\n    echo \"SwiftLint does not exist, download from https://github.com/realm/SwiftLint\"\nfi";
		};
		F6BF27871E04EAEE003CC6C9 /* Minify JavaScript */ = {
			isa = PBXShellScriptBuildPhase;
			buildActionMask = 2147483647;
			files = (
			);
			inputPaths = (
			);
			name = "Minify JavaScript";
			outputPaths = (
			);
			runOnlyForDeploymentPostprocessing = 0;
			shellPath = /bin/sh;
			shellScript = "make minify";
		};
/* End PBXShellScriptBuildPhase section */

/* Begin PBXSourcesBuildPhase section */
		F6792C231C404B53007D9DF9 /* Sources */ = {
			isa = PBXSourcesBuildPhase;
			buildActionMask = 2147483647;
			files = (
				F6ED60091D71D38C007CF2A3 /* Hashable+JSExport.swift in Sources */,
				F6792C411C405598007D9DF9 /* Application.swift in Sources */,
				F6A41BD31CA7144100D1C0C5 /* LogHelper.swift in Sources */,
				F60894E11C6D9E310079D7B5 /* Event.swift in Sources */,
				F6002D6F1C47086100C958F5 /* KeyCodeHelper.swift in Sources */,
				F6CBE6061C4160A900C962A7 /* NSScreen+JSExport.swift in Sources */,
				F66454FB1C703DD000B6371C /* AppObserver.swift in Sources */,
				F6F9B8291C45D8D7007928D0 /* AlertHelper.swift in Sources */,
				F66454F91C70107F00B6371C /* RunningAppsObserver.swift in Sources */,
				F6CBE6081C418D6300C962A7 /* Config.swift in Sources */,
				F6792C3F1C40525C007D9DF9 /* AccessibilityHelper.swift in Sources */,
				F60894E31C6DA0090079D7B5 /* EventHelper.swift in Sources */,
				F63C8CC51CFA295200D2344B /* AboutWindowController.swift in Sources */,
				F6942ECD1C6A8EEF00D2C0D4 /* Handler.swift in Sources */,
				F667BCA61CFB972A008B4B83 /* Context.swift in Sources */,
				F649A3CD1C68E3C600A3C81A /* Stark.swift in Sources */,
				F66C39C61C6AD73E0008FDD5 /* Bind.swift in Sources */,
				F6792C2B1C404B53007D9DF9 /* AppDelegate.swift in Sources */,
				F6270F8E1CF9D10500E6F679 /* Timer.swift in Sources */,
				F6792C431C4055A2007D9DF9 /* Window.swift in Sources */,
				F6EB17181CF36CCC00E08F8F /* LaunchAgentHelper.swift in Sources */,
				F6B76D8D1E1AC8D6003DF23B /* Secrets.swift in Sources */,
			);
			runOnlyForDeploymentPostprocessing = 0;
		};
/* End PBXSourcesBuildPhase section */

/* Begin XCBuildConfiguration section */
		F6792C321C404B53007D9DF9 /* Debug */ = {
			isa = XCBuildConfiguration;
			buildSettings = {
				ALWAYS_SEARCH_USER_PATHS = NO;
				CLANG_CXX_LANGUAGE_STANDARD = "gnu++0x";
				CLANG_CXX_LIBRARY = "libc++";
				CLANG_ENABLE_MODULES = YES;
				CLANG_ENABLE_OBJC_ARC = YES;
				CLANG_WARN_BOOL_CONVERSION = YES;
				CLANG_WARN_CONSTANT_CONVERSION = YES;
				CLANG_WARN_DIRECT_OBJC_ISA_USAGE = YES_ERROR;
				CLANG_WARN_EMPTY_BODY = YES;
				CLANG_WARN_ENUM_CONVERSION = YES;
				CLANG_WARN_INFINITE_RECURSION = YES;
				CLANG_WARN_INT_CONVERSION = YES;
				CLANG_WARN_OBJC_ROOT_CLASS = YES_ERROR;
				CLANG_WARN_SUSPICIOUS_MOVE = YES;
				CLANG_WARN_UNREACHABLE_CODE = YES;
				CLANG_WARN__DUPLICATE_METHOD_MATCH = YES;
				CODE_SIGN_IDENTITY = "-";
				COPY_PHASE_STRIP = NO;
				DEBUG_INFORMATION_FORMAT = dwarf;
				ENABLE_STRICT_OBJC_MSGSEND = YES;
				ENABLE_TESTABILITY = YES;
				GCC_C_LANGUAGE_STANDARD = gnu99;
				GCC_DYNAMIC_NO_PIC = NO;
				GCC_NO_COMMON_BLOCKS = YES;
				GCC_OPTIMIZATION_LEVEL = 0;
				GCC_PREPROCESSOR_DEFINITIONS = (
					"DEBUG=1",
					"$(inherited)",
				);
				GCC_WARN_64_TO_32_BIT_CONVERSION = YES;
				GCC_WARN_ABOUT_RETURN_TYPE = YES_ERROR;
				GCC_WARN_UNDECLARED_SELECTOR = YES;
				GCC_WARN_UNINITIALIZED_AUTOS = YES_AGGRESSIVE;
				GCC_WARN_UNUSED_FUNCTION = YES;
				GCC_WARN_UNUSED_VARIABLE = YES;
				MACOSX_DEPLOYMENT_TARGET = 10.11;
				MTL_ENABLE_DEBUG_INFO = YES;
				ONLY_ACTIVE_ARCH = YES;
				SDKROOT = macosx;
				SWIFT_OPTIMIZATION_LEVEL = "-Onone";
			};
			name = Debug;
		};
		F6792C331C404B53007D9DF9 /* Release */ = {
			isa = XCBuildConfiguration;
			buildSettings = {
				ALWAYS_SEARCH_USER_PATHS = NO;
				CLANG_CXX_LANGUAGE_STANDARD = "gnu++0x";
				CLANG_CXX_LIBRARY = "libc++";
				CLANG_ENABLE_MODULES = YES;
				CLANG_ENABLE_OBJC_ARC = YES;
				CLANG_WARN_BOOL_CONVERSION = YES;
				CLANG_WARN_CONSTANT_CONVERSION = YES;
				CLANG_WARN_DIRECT_OBJC_ISA_USAGE = YES_ERROR;
				CLANG_WARN_EMPTY_BODY = YES;
				CLANG_WARN_ENUM_CONVERSION = YES;
				CLANG_WARN_INFINITE_RECURSION = YES;
				CLANG_WARN_INT_CONVERSION = YES;
				CLANG_WARN_OBJC_ROOT_CLASS = YES_ERROR;
				CLANG_WARN_SUSPICIOUS_MOVE = YES;
				CLANG_WARN_UNREACHABLE_CODE = YES;
				CLANG_WARN__DUPLICATE_METHOD_MATCH = YES;
				CODE_SIGN_IDENTITY = "-";
				COPY_PHASE_STRIP = NO;
				DEBUG_INFORMATION_FORMAT = "dwarf-with-dsym";
				ENABLE_NS_ASSERTIONS = NO;
				ENABLE_STRICT_OBJC_MSGSEND = YES;
				GCC_C_LANGUAGE_STANDARD = gnu99;
				GCC_NO_COMMON_BLOCKS = YES;
				GCC_WARN_64_TO_32_BIT_CONVERSION = YES;
				GCC_WARN_ABOUT_RETURN_TYPE = YES_ERROR;
				GCC_WARN_UNDECLARED_SELECTOR = YES;
				GCC_WARN_UNINITIALIZED_AUTOS = YES_AGGRESSIVE;
				GCC_WARN_UNUSED_FUNCTION = YES;
				GCC_WARN_UNUSED_VARIABLE = YES;
				MACOSX_DEPLOYMENT_TARGET = 10.11;
				MTL_ENABLE_DEBUG_INFO = NO;
				SDKROOT = macosx;
				SWIFT_OPTIMIZATION_LEVEL = "-Owholemodule";
			};
			name = Release;
		};
		F6792C351C404B53007D9DF9 /* Debug */ = {
			isa = XCBuildConfiguration;
			buildSettings = {
				ASSETCATALOG_COMPILER_APPICON_NAME = AppIcon;
				CLANG_ENABLE_MODULES = YES;
				COMBINE_HIDPI_IMAGES = YES;
				CURRENT_PROJECT_VERSION = 1;
				FRAMEWORK_SEARCH_PATHS = (
					"$(inherited)",
					"$(PROJECT_DIR)/Carthage/Build/Mac",
				);
				INFOPLIST_FILE = Stark/Info.plist;
				LD_RUNPATH_SEARCH_PATHS = "$(inherited) @executable_path/../Frameworks";
				MACOSX_DEPLOYMENT_TARGET = 10.12;
				PRODUCT_BUNDLE_IDENTIFIER = co.rustyrobots.Stark;
				PRODUCT_NAME = "$(TARGET_NAME)";
				SWIFT_OBJC_BRIDGING_HEADER = "Stark/Stark-Bridging-Header.h";
				SWIFT_OPTIMIZATION_LEVEL = "-Onone";
				SWIFT_VERSION = 3.0;
				VERSIONING_SYSTEM = "apple-generic";
			};
			name = Debug;
		};
		F6792C361C404B53007D9DF9 /* Release */ = {
			isa = XCBuildConfiguration;
			buildSettings = {
				ASSETCATALOG_COMPILER_APPICON_NAME = AppIcon;
				CLANG_ENABLE_MODULES = YES;
				COMBINE_HIDPI_IMAGES = YES;
				CURRENT_PROJECT_VERSION = 1;
				FRAMEWORK_SEARCH_PATHS = (
					"$(inherited)",
					"$(PROJECT_DIR)/Carthage/Build/Mac",
				);
				INFOPLIST_FILE = Stark/Info.plist;
				LD_RUNPATH_SEARCH_PATHS = "$(inherited) @executable_path/../Frameworks";
				MACOSX_DEPLOYMENT_TARGET = 10.12;
				PRODUCT_BUNDLE_IDENTIFIER = co.rustyrobots.Stark;
				PRODUCT_NAME = "$(TARGET_NAME)";
				SWIFT_OBJC_BRIDGING_HEADER = "Stark/Stark-Bridging-Header.h";
				SWIFT_VERSION = 3.0;
				VERSIONING_SYSTEM = "apple-generic";
			};
			name = Release;
		};
/* End XCBuildConfiguration section */

/* Begin XCConfigurationList section */
		F6792C221C404B53007D9DF9 /* Build configuration list for PBXProject "Stark" */ = {
			isa = XCConfigurationList;
			buildConfigurations = (
				F6792C321C404B53007D9DF9 /* Debug */,
				F6792C331C404B53007D9DF9 /* Release */,
			);
			defaultConfigurationIsVisible = 0;
			defaultConfigurationName = Release;
		};
		F6792C341C404B53007D9DF9 /* Build configuration list for PBXNativeTarget "Stark" */ = {
			isa = XCConfigurationList;
			buildConfigurations = (
				F6792C351C404B53007D9DF9 /* Debug */,
				F6792C361C404B53007D9DF9 /* Release */,
			);
			defaultConfigurationIsVisible = 0;
			defaultConfigurationName = Release;
		};
/* End XCConfigurationList section */
	};
	rootObject = F6792C1F1C404B53007D9DF9 /* Project object */;
}
